
Microsoft Visual Studio Solution File, Format Version 12.00
# Visual Studio Version 17
VisualStudioVersion = 17.3.32825.248
MinimumVisualStudioVersion = 10.0.40219.1
Project("{8BC9CEB8-8B4A-11D0-8D11-00A0C91BC942}") = "Lab3", "Lab3\Lab3.vcxproj", "{CE326A4B-D8BC-4357-81F7-7DA9AEAE5398}"
EndProject
Global
	GlobalSection(SolutionConfigurationPlatforms) = preSolution
		Debug|x64 = Debug|x64
		Debug|x86 = Debug|x86
		Release|x64 = Release|x64
		Release|x86 = Release|x86
	EndGlobalSection
	GlobalSection(ProjectConfigurationPlatforms) = postSolution
		{CE326A4B-D8BC-4357-81F7-7DA9AEAE5398}.Debug|x64.ActiveCfg = Debug|x64
		{CE326A4B-D8BC-4357-81F7-7DA9AEAE5398}.Debug|x64.Build.0 = Debug|x64
		{CE326A4B-D8BC-4357-81F7-7DA9AEAE5398}.Debug|x86.ActiveCfg = Debug|Win32
		{CE326A4B-D8BC-4357-81F7-7DA9AEAE5398}.Debug|x86.Build.0 = Debug|Win32
		{CE326A4B-D8BC-4357-81F7-7DA9AEAE5398}.Release|x64.ActiveCfg = Release|x64
		{CE326A4B-D8BC-4357-81F7-7DA9AEAE5398}.Release|x64.Build.0 = Release|x64
		{CE326A4B-D8BC-4357-81F7-7DA9AEAE5398}.Release|x86.ActiveCfg = Release|Win32
		{CE326A4B-D8BC-4357-81F7-7DA9AEAE5398}.Release|x86.Build.0 = Release|Win32
	EndGlobalSection
	GlobalSection(SolutionProperties) = preSolution
		HideSolutionNode = FALSE
	EndGlobalSection
	GlobalSection(ExtensibilityGlobals) = postSolution
		SolutionGuid = {CDB6EF76-E549-40E8-A4E5-F1BB1D2117BC}
	EndGlobalSection
EndGlobal
